
Microsoft Visual Studio Solution File, Format Version 12.00
# Visual Studio Version 16
VisualStudioVersion = 16.0.31402.337
MinimumVisualStudioVersion = 10.0.40219.1
Project("{FAE04EC0-301F-11D3-BF4B-00C04F79EFBC}") = "DgsDevApp", "DgsDevApp\DgsDevApp.csproj", "{D1565864-AF57-4749-A91F-805AB7BDBA7C}"
EndProject
Global
	GlobalSection(SolutionConfigurationPlatforms) = preSolution
		Debug|Any CPU = Debug|Any CPU
		Release|Any CPU = Release|Any CPU
	EndGlobalSection
	GlobalSection(ProjectConfigurationPlatforms) = postSolution
		{D1565864-AF57-4749-A91F-805AB7BDBA7C}.Debug|Any CPU.ActiveCfg = Debug|Any CPU
		{D1565864-AF57-4749-A91F-805AB7BDBA7C}.Debug|Any CPU.Build.0 = Debug|Any CPU
		{D1565864-AF57-4749-A91F-805AB7BDBA7C}.Release|Any CPU.ActiveCfg = Release|Any CPU
		{D1565864-AF57-4749-A91F-805AB7BDBA7C}.Release|Any CPU.Build.0 = Release|Any CPU
	EndGlobalSection
	GlobalSection(SolutionProperties) = preSolution
		HideSolutionNode = FALSE
	EndGlobalSection
	GlobalSection(ExtensibilityGlobals) = postSolution
		SolutionGuid = {E427FB62-203A-42D5-AC07-AD6ACE002A46}
	EndGlobalSection
EndGlobal
